
Microsoft Visual Studio Solution File, Format Version 12.00
# Visual Studio Version 17
VisualStudioVersion = 17.10.35013.160
MinimumVisualStudioVersion = 10.0.40219.1
Project("{FAE04EC0-301F-11D3-BF4B-00C04F79EFBC}") = "loginwawaky", "loginwawaky.csproj", "{7A1EDC8B-486C-4008-BDC7-D16DAC886E3B}"
EndProject
Global
	GlobalSection(SolutionConfigurationPlatforms) = preSolution
		Debug|Any CPU = Debug|Any CPU
		Release|Any CPU = Release|Any CPU
	EndGlobalSection
	GlobalSection(ProjectConfigurationPlatforms) = postSolution
		{7A1EDC8B-486C-4008-BDC7-D16DAC886E3B}.Debug|Any CPU.ActiveCfg = Debug|Any CPU
		{7A1EDC8B-486C-4008-BDC7-D16DAC886E3B}.Debug|Any CPU.Build.0 = Debug|Any CPU
		{7A1EDC8B-486C-4008-BDC7-D16DAC886E3B}.Release|Any CPU.ActiveCfg = Release|Any CPU
		{7A1EDC8B-486C-4008-BDC7-D16DAC886E3B}.Release|Any CPU.Build.0 = Release|Any CPU
	EndGlobalSection
	GlobalSection(SolutionProperties) = preSolution
		HideSolutionNode = FALSE
	EndGlobalSection
	GlobalSection(ExtensibilityGlobals) = postSolution
		SolutionGuid = {ACFD5A89-A125-4B30-8A0A-1D3D729581D0}
	EndGlobalSection
EndGlobal
